
Microsoft Visual Studio Solution File, Format Version 12.00
# Visual Studio Version 17
VisualStudioVersion = 17.1.32328.378
MinimumVisualStudioVersion = 10.0.40219.1
Project("{9A19103F-16F7-4668-BE54-9A1E7A4F7556}") = "LogicalProblems", "LogicalProblems.csproj", "{06AEA17E-7D03-4330-9569-D5D965583415}"
EndProject
Global
	GlobalSection(SolutionConfigurationPlatforms) = preSolution
		Debug|Any CPU = Debug|Any CPU
		Release|Any CPU = Release|Any CPU
	EndGlobalSection
	GlobalSection(ProjectConfigurationPlatforms) = postSolution
		{06AEA17E-7D03-4330-9569-D5D965583415}.Debug|Any CPU.ActiveCfg = Debug|Any CPU
		{06AEA17E-7D03-4330-9569-D5D965583415}.Debug|Any CPU.Build.0 = Debug|Any CPU
		{06AEA17E-7D03-4330-9569-D5D965583415}.Release|Any CPU.ActiveCfg = Release|Any CPU
		{06AEA17E-7D03-4330-9569-D5D965583415}.Release|Any CPU.Build.0 = Release|Any CPU
	EndGlobalSection
	GlobalSection(SolutionProperties) = preSolution
		HideSolutionNode = FALSE
	EndGlobalSection
	GlobalSection(ExtensibilityGlobals) = postSolution
		SolutionGuid = {65283756-ACBB-4BC6-9D15-795BCC1CE6D0}
	EndGlobalSection
EndGlobal
